
Microsoft Visual Studio Solution File, Format Version 12.00
# Visual Studio Version 17
VisualStudioVersion = 17.11.35431.28
MinimumVisualStudioVersion = 10.0.40219.1
Project("{FAE04EC0-301F-11D3-BF4B-00C04F79EFBC}") = "CineVault.API", "src\CineVault.API\CineVault.API.csproj", "{F88E42D1-C315-4131-B09B-EAE8B64EFA63}"
EndProject
Global
	GlobalSection(SolutionConfigurationPlatforms) = preSolution
		Debug|Any CPU = Debug|Any CPU
		Release|Any CPU = Release|Any CPU
	EndGlobalSection
	GlobalSection(ProjectConfigurationPlatforms) = postSolution
		{F88E42D1-C315-4131-B09B-EAE8B64EFA63}.Debug|Any CPU.ActiveCfg = Debug|Any CPU
		{F88E42D1-C315-4131-B09B-EAE8B64EFA63}.Debug|Any CPU.Build.0 = Debug|Any CPU
		{F88E42D1-C315-4131-B09B-EAE8B64EFA63}.Release|Any CPU.ActiveCfg = Release|Any CPU
		{F88E42D1-C315-4131-B09B-EAE8B64EFA63}.Release|Any CPU.Build.0 = Release|Any CPU
	EndGlobalSection
	GlobalSection(SolutionProperties) = preSolution
		HideSolutionNode = FALSE
	EndGlobalSection
	GlobalSection(ExtensibilityGlobals) = postSolution
		SolutionGuid = {5C68DD3B-0F18-4DD2-93A9-FFD993AAA478}
	EndGlobalSection
EndGlobal
